# This file is automatically @generated by Poetry 1.8.3 and should not be changed by hand.

[[package]]
name = "aiokafka"
version = "0.12.0"
description = "Kafka integration with asyncio"
optional = false
python-versions = ">=3.9"
files = [
    {file = "aiokafka-0.12.0-cp310-cp310-macosx_10_9_x86_64.whl", hash = "sha256:da8938eac2153ca767ac0144283b3df7e74bb4c0abc0c9a722f3ae63cfbf3a42"},
    {file = "aiokafka-0.12.0-cp310-cp310-macosx_11_0_arm64.whl", hash = "sha256:a5c827c8883cfe64bc49100de82862225714e1853432df69aba99f135969bb1b"},
    {file = "aiokafka-0.12.0-cp310-cp310-manylinux_2_17_aarch64.manylinux2014_aarch64.whl", hash = "sha256:bea5710f7707ed12a7f8661ab38dfa80f5253a405de5ba228f457cc30404eb51"},
    {file = "aiokafka-0.12.0-cp310-cp310-manylinux_2_17_x86_64.manylinux2014_x86_64.whl", hash = "sha256:d87b1a45c57bbb1c17d1900a74739eada27e4f4a0b0932ab3c5a8cbae8bbfe1e"},
    {file = "aiokafka-0.12.0-cp310-cp310-win32.whl", hash = "sha256:1158e630664d9abc74d8a7673bc70dc10737ff758e1457bebc1c05890f29ce2c"},
    {file = "aiokafka-0.12.0-cp310-cp310-win_amd64.whl", hash = "sha256:06f5889acf8e1a81d6e14adf035acb29afd1f5836447fa8fa23d3cbe8f7e8608"},
    {file = "aiokafka-0.12.0-cp311-cp311-macosx_10_9_x86_64.whl", hash = "sha256:ddc5308c43d48af883667e2f950a0a9739ce2c9bfe69a0b55dc234f58b1b42d6"},
    {file = "aiokafka-0.12.0-cp311-cp311-macosx_11_0_arm64.whl", hash = "sha256:ff63689cafcd6dd642a15de75b7ae121071d6162cccba16d091bcb28b3886307"},
    {file = "aiokafka-0.12.0-cp311-cp311-manylinux_2_17_aarch64.manylinux2014_aarch64.whl", hash = "sha256:24633931e05a9dc80555a2f845572b6845d2dcb1af12de27837b8602b1b8bc74"},
    {file = "aiokafka-0.12.0-cp311-cp311-manylinux_2_17_x86_64.manylinux2014_x86_64.whl", hash = "sha256:42b2436c7c69384d210e9169fbfe339d9f49dbdcfddd8d51c79b9877de545e33"},
    {file = "aiokafka-0.12.0-cp311-cp311-win32.whl", hash = "sha256:90511a2c4cf5f343fc2190575041fbc70171654ab0dae64b3bbabd012613bfa7"},
    {file = "aiokafka-0.12.0-cp311-cp311-win_amd64.whl", hash = "sha256:04c8ad27d04d6c53a1859687015a5f4e58b1eb221e8a7342d6c6b04430def53e"},
    {file = "aiokafka-0.12.0-cp312-cp312-macosx_10_13_x86_64.whl", hash = "sha256:b01947553ff1120fa1cb1a05f2c3e5aa47a5378c720bafd09e6630ba18af02aa"},
    {file = "aiokafka-0.12.0-cp312-cp312-macosx_11_0_arm64.whl", hash = "sha256:e3c8ec1c0606fa645462c7353dc3e4119cade20c4656efa2031682ffaad361c0"},
    {file = "aiokafka-0.12.0-cp312-cp312-manylinux_2_17_aarch64.manylinux2014_aarch64.whl", hash = "sha256:577c1c48b240e9eba57b3d2d806fb3d023a575334fc3953f063179170cc8964f"},
    {file = "aiokafka-0.12.0-cp312-cp312-manylinux_2_17_x86_64.manylinux2014_x86_64.whl", hash = "sha256:d7b815b2e5fed9912f1231be6196547a367b9eb3380b487ff5942f0c73a3fb5c"},
    {file = "aiokafka-0.12.0-cp312-cp312-win32.whl", hash = "sha256:5a907abcdf02430df0829ac80f25b8bb849630300fa01365c76e0ae49306f512"},
    {file = "aiokafka-0.12.0-cp312-cp312-win_amd64.whl", hash = "sha256:fdbd69ec70eea4a8dfaa5c35ff4852e90e1277fcc426b9380f0b499b77f13b16"},
    {file = "aiokafka-0.12.0-cp313-cp313-macosx_10_13_x86_64.whl", hash = "sha256:f9e8ab97b935ca681a5f28cf22cf2b5112be86728876b3ec07e4ed5fc6c21f2d"},
    {file = "aiokafka-0.12.0-cp313-cp313-macosx_11_0_arm64.whl", hash = "sha256:ed991c120fe19fd9439f564201dd746c4839700ef270dd4c3ee6d4895f64fe83"},
    {file = "aiokafka-0.12.0-cp313-cp313-manylinux_2_17_aarch64.manylinux2014_aarch64.whl", hash = "sha256:2c01abf9787b1c3f3af779ad8e76d5b74903f590593bc26f33ed48750503e7f7"},
    {file = "aiokafka-0.12.0-cp313-cp313-manylinux_2_17_x86_64.manylinux2014_x86_64.whl", hash = "sha256:08c84b3894d97fd02fcc8886f394000d0f5ce771fab5c498ea2b0dd2f6b46d5b"},
    {file = "aiokafka-0.12.0-cp313-cp313-win32.whl", hash = "sha256:63875fed922c8c7cf470d9b2a82e1b76b4a1baf2ae62e07486cf516fd09ff8f2"},
    {file = "aiokafka-0.12.0-cp313-cp313-win_amd64.whl", hash = "sha256:bdc0a83eb386d2384325d6571f8ef65b4cfa205f8d1c16d7863e8d10cacd995a"},
    {file = "aiokafka-0.12.0-cp39-cp39-macosx_10_9_x86_64.whl", hash = "sha256:a9590554fae68ec80099beae5366f2494130535a1a3db0c4fa5ccb08f37f6e46"},
    {file = "aiokafka-0.12.0-cp39-cp39-macosx_11_0_arm64.whl", hash = "sha256:6c77f5953ff4b25c889aef26df1f28df66c58db7abb7f34ecbe48502e9a6d273"},
    {file = "aiokafka-0.12.0-cp39-cp39-manylinux_2_17_aarch64.manylinux2014_aarch64.whl", hash = "sha256:f96d7fd8fdb5f439f7e7860fd8ec37870265d0578475e82049bce60ab07ca045"},
    {file = "aiokafka-0.12.0-cp39-cp39-manylinux_2_17_x86_64.manylinux2014_x86_64.whl", hash = "sha256:b8ddff02b1e981083dff6d1a80d4502e0e83e0e480faf1f881766ca6f23e8d22"},
    {file = "aiokafka-0.12.0-cp39-cp39-win32.whl", hash = "sha256:4aab2767dcc8923626d8d60c314f9ba633563249cff71750db5d70b6ec813da2"},
    {file = "aiokafka-0.12.0-cp39-cp39-win_amd64.whl", hash = "sha256:7a57fda053acd1b88c87803ad0381a1d2a29d36ec561550d11ce9154972b8e23"},
    {file = "aiokafka-0.12.0.tar.gz", hash = "sha256:62423895b866f95b5ed8d88335295a37cc5403af64cb7cb0e234f88adc2dff94"},
]

[package.dependencies]
async-timeout = "*"
packaging = "*"
typing-extensions = ">=4.10.0"

[package.extras]
all = ["cramjam (>=2.8.0)", "gssapi"]
gssapi = ["gssapi"]
lz4 = ["cramjam (>=2.8.0)"]
snappy = ["cramjam"]
zstd = ["cramjam"]

[[package]]
name = "aiologger"
version = "0.7.0"
description = "Asynchronous logging for python and asyncio"
optional = false
python-versions = ">=3.7"
files = [
    {file = "aiologger-0.7.0.tar.gz", hash = "sha256:7a4d5c91b836b61e842a791071786a3d80d6b6fa46fb8fd8e73391253ecb72ac"},
]

[package.extras]
aiofiles = ["aiofiles (==0.4.0)"]

[[package]]
name = "aiosmtplib"
version = "3.0.2"
description = "asyncio SMTP client"
optional = false
python-versions = ">=3.8"
files = [
    {file = "aiosmtplib-3.0.2-py3-none-any.whl", hash = "sha256:8783059603a34834c7c90ca51103c3aa129d5922003b5ce98dbaa6d4440f10fc"},
    {file = "aiosmtplib-3.0.2.tar.gz", hash = "sha256:08fd840f9dbc23258025dca229e8a8f04d2ccf3ecb1319585615bfc7933f7f47"},
]

[package.extras]
docs = ["furo (>=2023.9.10)", "sphinx (>=7.0.0)", "sphinx-autodoc-typehints (>=1.24.0)", "sphinx-copybutton (>=0.5.0)"]
uvloop = ["uvloop (>=0.18)"]

[[package]]
name = "async-timeout"
version = "5.0.0"
description = "Timeout context manager for asyncio programs"
optional = false
python-versions = ">=3.8"
files = [
    {file = "async_timeout-5.0.0-py3-none-any.whl", hash = "sha256:904719a4bd6e0520047d0ddae220aabee67b877f7ca17bf8cea20f67f6247ae0"},
    {file = "async_timeout-5.0.0.tar.gz", hash = "sha256:49675ec889daacfe65ff66d2dde7dd1447a6f4b2f23721022e4ba121f8772a85"},
]

[[package]]
name = "colorama"
version = "0.4.6"
description = "Cross-platform colored terminal text."
optional = false
python-versions = "!=3.0.*,!=3.1.*,!=3.2.*,!=3.3.*,!=3.4.*,!=3.5.*,!=3.6.*,>=2.7"
files = [
    {file = "colorama-0.4.6-py2.py3-none-any.whl", hash = "sha256:4f1d9991f5acc0ca119f9d443620b77f9d6b33703e51011c16baf57afb285fc6"},
    {file = "colorama-0.4.6.tar.gz", hash = "sha256:08695f5cb7ed6e0531a20572697297273c47b8cae5a63ffc6d6ed5c201be6e44"},
]

[[package]]
name = "dependency-injector"
version = "4.43.0"
description = "Dependency injection framework for Python"
optional = false
python-versions = "*"
files = [
    {file = "dependency_injector-4.43.0-cp310-cp310-macosx_11_0_arm64.whl", hash = "sha256:d9df575603a6ae75b393917249c1a4808a33e06ecef903f82b813ba3fc094ac8"},
    {file = "dependency_injector-4.43.0-cp310-cp310-manylinux_2_17_aarch64.manylinux2014_aarch64.whl", hash = "sha256:1735072bcabd6562dabfb0ae0ad5328aebcfeff0ac595efc9c190773fa203198"},
    {file = "dependency_injector-4.43.0-cp310-cp310-manylinux_2_17_x86_64.manylinux2014_x86_64.whl", hash = "sha256:1c6d89a4be17a428316dd791eac7e98cb8653824933551fd21486b4677d9e634"},
    {file = "dependency_injector-4.43.0-cp310-cp310-manylinux_2_5_i686.manylinux1_i686.manylinux_2_17_i686.manylinux2014_i686.whl", hash = "sha256:e64bc6f6c96ce2c8b12fd1105420f9fa84c5aa83b2dc52e92b1be2c077819fe0"},
    {file = "dependency_injector-4.43.0-cp310-cp310-musllinux_1_2_aarch64.whl", hash = "sha256:c67791ca696a96b8f3e82f9025e6d214e2c2fd8891fa4315a4160b99fe4c4ace"},
    {file = "dependency_injector-4.43.0-cp310-cp310-musllinux_1_2_i686.whl", hash = "sha256:4d6bb5c0d741882685109579ab556fc6e89ece9d26ccf70e35ac4f9b84097207"},
    {file = "dependency_injector-4.43.0-cp310-cp310-musllinux_1_2_x86_64.whl", hash = "sha256:d4f9d1466352810e2f536613e52016632d8a172867bfc9d91e4cfccce14180f1"},
    {file = "dependency_injector-4.43.0-cp310-cp310-win32.whl", hash = "sha256:be408c3ff6e55d40362295013ff543e8524778f598dc59b2a40d9620ac2743c1"},
    {file = "dependency_injector-4.43.0-cp310-cp310-win_amd64.whl", hash = "sha256:9fd7f4f44ddff0cd7e40f8923f93ff83f0e8c018a85d36b37a88a835eca7f47f"},
    {file = "dependency_injector-4.43.0-cp311-cp311-macosx_11_0_arm64.whl", hash = "sha256:4f3b2c1d3a4c75772854ef7b47d725e6e894b9e3590bf13bf19e3bac4935ed88"},
    {file = "dependency_injector-4.43.0-cp311-cp311-manylinux_2_17_aarch64.manylinux2014_aarch64.whl", hash = "sha256:39f46a2fe7ddfea96d18521c5c0f265ca3f177060f0ccb4505f9a638c3429b49"},
    {file = "dependency_injector-4.43.0-cp311-cp311-manylinux_2_17_x86_64.manylinux2014_x86_64.whl", hash = "sha256:64c46dd2dd5543554e3ffe05c935fdb4e8a805a162e56c7c7519acefdd374ff0"},
    {file = "dependency_injector-4.43.0-cp311-cp311-manylinux_2_5_i686.manylinux1_i686.manylinux_2_17_i686.manylinux2014_i686.whl", hash = "sha256:3252b32935df3c5f34a4da83d43a38838e0f48d54e47405fcda5e59a2ec4a930"},
    {file = "dependency_injector-4.43.0-cp311-cp311-musllinux_1_2_aarch64.whl", hash = "sha256:200c0286c88c9cb521050eb56e6465f50c289cb145b5308d9d8d79b0b4bac4b6"},
    {file = "dependency_injector-4.43.0-cp311-cp311-musllinux_1_2_i686.whl", hash = "sha256:0791c72a89c4a59c3120b659c3b3e8fbb82e85d4732ffdb8548e395f19425e73"},
    {file = "dependency_injector-4.43.0-cp311-cp311-musllinux_1_2_x86_64.whl", hash = "sha256:5fb045e5db6078da309889fc1447cd89b8bd1c810853b436773f895eae477b3b"},
    {file = "dependency_injector-4.43.0-cp311-cp311-win32.whl", hash = "sha256:d24ebaa219edf95a6dc4559053bb8e295dfdee396478488382fdaa078de57d92"},
    {file = "dependency_injector-4.43.0-cp311-cp311-win_amd64.whl", hash = "sha256:230a6ae585a18845bea4001688badd3c2b7f373bcac5c6e659b14e1e1b6e03f2"},
    {file = "dependency_injector-4.43.0-cp312-cp312-macosx_11_0_arm64.whl", hash = "sha256:3f8e520e420dbbb376d81c2c668b6e0be166c79877d3b56b97547db17199d636"},
    {file = "dependency_injector-4.43.0-cp312-cp312-manylinux_2_17_aarch64.manylinux2014_aarch64.whl", hash = "sha256:f58beecd944dbdb1ead80ca86945d572d314e48e34cb6e32165ac912e5eed0d5"},
    {file = "dependency_injector-4.43.0-cp312-cp312-manylinux_2_17_x86_64.manylinux2014_x86_64.whl", hash = "sha256:a447075f567ce894c1d3a5493d7d0cd9542a9d451ca13d8ffce4e0016bdba201"},
    {file = "dependency_injector-4.43.0-cp312-cp312-manylinux_2_5_i686.manylinux1_i686.manylinux_2_17_i686.manylinux2014_i686.whl", hash = "sha256:36326658415372972711edbd03cc3a68a6866b7b1a5ac7090807601e0fa3847c"},
    {file = "dependency_injector-4.43.0-cp312-cp312-musllinux_1_2_aarch64.whl", hash = "sha256:d70a7651fac1e74889617dfe802798cc941a736929cc6b00a62c33529f3291b5"},
    {file = "dependency_injector-4.43.0-cp312-cp312-musllinux_1_2_i686.whl", hash = "sha256:177b4f3726e36556d04f442b2743e86a56005319e41fcc8410a98951d159f7bf"},
    {file = "dependency_injector-4.43.0-cp312-cp312-musllinux_1_2_x86_64.whl", hash = "sha256:544843c65aa289a1a9ca79e7a8bd4aad41dbac2d56600ca2735047a404ba4a3b"},
    {file = "dependency_injector-4.43.0-cp312-cp312-win32.whl", hash = "sha256:3e559a7f28b4ffae35e28333b0b10e4fce8021214c078e6fa5b85770e821e1eb"},
    {file = "dependency_injector-4.43.0-cp312-cp312-win_amd64.whl", hash = "sha256:7d80534f4d4712494ec61761f0629588a2eb12789aa3ec9f54247ffacf92f266"},
    {file = "dependency_injector-4.43.0-cp313-cp313-macosx_11_0_arm64.whl", hash = "sha256:e7ceb7fabf22138ec4cd3d6943ce9e1ba4ab9514a87511ebe3597382240ec79e"},
    {file = "dependency_injector-4.43.0-cp313-cp313-manylinux_2_17_aarch64.manylinux2014_aarch64.whl", hash = "sha256:3481413efdd3b85ccdce73a0ecbd75d47eadcc823b73cd0d5accdc2c2477fc0c"},
    {file = "dependency_injector-4.43.0-cp313-cp313-manylinux_2_17_x86_64.manylinux2014_x86_64.whl", hash = "sha256:38e6f3fb010796ce4691906334156d25e4e365bc6e841b64464518eec0896f2a"},
    {file = "dependency_injector-4.43.0-cp313-cp313-manylinux_2_5_i686.manylinux1_i686.manylinux_2_17_i686.manylinux2014_i686.whl", hash = "sha256:f312bb9dec59a6216800a7d90417cf74be0b08a19fa8f54d8d2bbb3fdf516927"},
    {file = "dependency_injector-4.43.0-cp313-cp313-musllinux_1_2_aarch64.whl", hash = "sha256:11f3129a16f229c54de87e034fd42d64b8de630a6938d2b83f4c1d9815181ec1"},
    {file = "dependency_injector-4.43.0-cp313-cp313-musllinux_1_2_i686.whl", hash = "sha256:6b6dafac3a69d0ad0de96a6f0fb0ea786c1b5cf8bbe88fec1de3455f4b685647"},
    {file = "dependency_injector-4.43.0-cp313-cp313-musllinux_1_2_x86_64.whl", hash = "sha256:fc1b0b335b1d9810204aa687f17c2e8ac1bdebdd935f10bd54a6a7d3af952631"},
    {file = "dependency_injector-4.43.0-cp313-cp313-win32.whl", hash = "sha256:fba63d0fec1fe78b2fae545f219fce16a5fcaa2acc0a2f9564a3e1c5ec27b356"},
    {file = "dependency_injector-4.43.0-cp313-cp313-win_amd64.whl", hash = "sha256:efd7dd1d39e2998c21c5b02f303792a7c4205ea4fda63f2306a5e5b98e2a251a"},
    {file = "dependency_injector-4.43.0-cp36-cp36m-manylinux_2_17_aarch64.manylinux2014_aarch64.whl", hash = "sha256:2c93b20bfbb392ad83f8a900632d0c92c5e04bb5b5fa3961be062f1fa516401f"},
    {file = "dependency_injector-4.43.0-cp36-cp36m-manylinux_2_17_x86_64.manylinux2014_x86_64.whl", hash = "sha256:690e17cb943edb2d907885e8f11faa476d58cf0b1b4b67278fe3203616147997"},
    {file = "dependency_injector-4.43.0-cp36-cp36m-manylinux_2_5_i686.manylinux1_i686.manylinux_2_17_i686.manylinux2014_i686.whl", hash = "sha256:4f6bab4c4334321ccef5bcf94313c34b730c1df91812205181620358318145b6"},
    {file = "dependency_injector-4.43.0-cp36-cp36m-musllinux_1_2_aarch64.whl", hash = "sha256:145d20e8f7e1327a27cfdf87b2cc3aac976da759726e7ac104fc76d05f6902e9"},
    {file = "dependency_injector-4.43.0-cp36-cp36m-musllinux_1_2_i686.whl", hash = "sha256:d886e846fd6128b70ebdcdb40c04fa7a5b6c9f5e3ee2672686606af63eb55ecb"},
    {file = "dependency_injector-4.43.0-cp36-cp36m-musllinux_1_2_x86_64.whl", hash = "sha256:5997d3460ef1b1db12be512a0cf57816c8c7940cbad262f0eddfea0a61ae65f8"},
    {file = "dependency_injector-4.43.0-cp36-cp36m-win32.whl", hash = "sha256:9b1991ea8bc60f4cf2593670387d54cc834d470c06a69e9231a179cd1333379b"},
    {file = "dependency_injector-4.43.0-cp36-cp36m-win_amd64.whl", hash = "sha256:315e5244d3c9d02c9d1e134e06c1db044cae01a33295ce65718eb230758db4c4"},
    {file = "dependency_injector-4.43.0-cp37-cp37m-manylinux_2_17_aarch64.manylinux2014_aarch64.whl", hash = "sha256:6431919fc77666c01d1512de914d0b58ee0ef34722c77b58687832063a64df14"},
    {file = "dependency_injector-4.43.0-cp37-cp37m-manylinux_2_17_x86_64.manylinux2014_x86_64.whl", hash = "sha256:c4bee3b51a433c848f77c3ce45f341ab85213a442f9e2ad9bc92289ef2a7c8bd"},
    {file = "dependency_injector-4.43.0-cp37-cp37m-manylinux_2_5_i686.manylinux1_i686.manylinux_2_17_i686.manylinux2014_i686.whl", hash = "sha256:07081a671927cea7b4a9812b69a84f4d554fcd6f6da3fafe8a719c714ecb69a3"},
    {file = "dependency_injector-4.43.0-cp37-cp37m-musllinux_1_2_aarch64.whl", hash = "sha256:c4f30c9a505f649ab0cb004cd9f48c3df5b06287c177536417f8d30cfdfa5bc2"},
    {file = "dependency_injector-4.43.0-cp37-cp37m-musllinux_1_2_i686.whl", hash = "sha256:31f80970567bdaf040165f679b12780fb7b7a90d6921ac26355f401b1a516e3d"},
    {file = "dependency_injector-4.43.0-cp37-cp37m-musllinux_1_2_x86_64.whl", hash = "sha256:ffbd8e51ffcf8f8ff8cb6edccee5e77932ec4bdda1ca17b9f6a98d396fde5993"},
    {file = "dependency_injector-4.43.0-cp37-cp37m-win32.whl", hash = "sha256:8d8fa0c3fa495dc8605232e730913da4af43757e4be78d4a6cce8d5c1d88d9ac"},
    {file = "dependency_injector-4.43.0-cp37-cp37m-win_amd64.whl", hash = "sha256:fd15638b67f41034edd1eaffbb008ac2ff47839ab32b3fa13ca1b33e8a95cb9f"},
    {file = "dependency_injector-4.43.0-cp38-cp38-macosx_11_0_arm64.whl", hash = "sha256:9bb96f2762cbfc9b654075075871a7051d37a9cceeabace877a95a03d8142cf0"},
    {file = "dependency_injector-4.43.0-cp38-cp38-manylinux_2_17_aarch64.manylinux2014_aarch64.whl", hash = "sha256:0b4a5d41813b56d122f13ae0fdbb1078dd41206c8f5bb7192a1582c982a34ad6"},
    {file = "dependency_injector-4.43.0-cp38-cp38-manylinux_2_17_x86_64.manylinux2014_x86_64.whl", hash = "sha256:bbeb38085c1cb20b21338294e90fa9e7944bf162da63f587734a4d6991c4b1f1"},
    {file = "dependency_injector-4.43.0-cp38-cp38-manylinux_2_5_i686.manylinux1_i686.manylinux_2_17_i686.manylinux2014_i686.whl", hash = "sha256:fc58fc7e60924e9a93e2b83976173ea095b55f3508175252d50884aa08340185"},
    {file = "dependency_injector-4.43.0-cp38-cp38-musllinux_1_2_aarch64.whl", hash = "sha256:726131d9f64d26a4915fae413502584e4f739b66eec6b7b23ab43d8bab255b1d"},
    {file = "dependency_injector-4.43.0-cp38-cp38-musllinux_1_2_i686.whl", hash = "sha256:fc619ae6b5490beea9f9a53230ddbe084f11609ec1a3d56b0e58966c2ce81815"},
    {file = "dependency_injector-4.43.0-cp38-cp38-musllinux_1_2_x86_64.whl", hash = "sha256:28dc5af50ceee52df01b26f6d7bfcc32ff2aaba938c252d110c52f5de9580b0c"},
    {file = "dependency_injector-4.43.0-cp38-cp38-win32.whl", hash = "sha256:c09a977122a6bb57f74f871802dbf3a204cfdae197d423bf93ca4ec3aba871f4"},
    {file = "dependency_injector-4.43.0-cp38-cp38-win_amd64.whl", hash = "sha256:6ea5fc7a6d2b0f780e444643e46a6bdf739213fe4b9d26c286fb78f37e337bb8"},
    {file = "dependency_injector-4.43.0-cp39-cp39-macosx_11_0_arm64.whl", hash = "sha256:7190b45fc53dc6f41633fa6942052e38f7c463ad47305ba95d56c5b4d075e887"},
    {file = "dependency_injector-4.43.0-cp39-cp39-manylinux_2_17_aarch64.manylinux2014_aarch64.whl", hash = "sha256:440c2f9cf21b83bfd30c9da3ae8f95f7d395800a8feae538bf60db50c2c8974a"},
    {file = "dependency_injector-4.43.0-cp39-cp39-manylinux_2_17_x86_64.manylinux2014_x86_64.whl", hash = "sha256:f3b83c0e637f28bb2d8a0555e545ffdd76d9d69fe3e936ab25c6af35e8556e36"},
    {file = "dependency_injector-4.43.0-cp39-cp39-manylinux_2_5_i686.manylinux1_i686.manylinux_2_17_i686.manylinux2014_i686.whl", hash = "sha256:d8d6ec07de0479e209899f98ed7babf35fa72878933f153faf37a5abaf4cb125"},
    {file = "dependency_injector-4.43.0-cp39-cp39-musllinux_1_2_aarch64.whl", hash = "sha256:454c2442e2b105d038b41c153cd9a9a55c6d7bf61bac0db8ace38f8c3f62179e"},
    {file = "dependency_injector-4.43.0-cp39-cp39-musllinux_1_2_i686.whl", hash = "sha256:52c7ab128131ff67e4b776f6704d47ae90f43686287dce0f5bb702f93f870e7a"},
    {file = "dependency_injector-4.43.0-cp39-cp39-musllinux_1_2_x86_64.whl", hash = "sha256:d3bda19adcdfccb3fbb20a7516c5b8330a09714301a71b2c5d7fe4304d6479df"},
    {file = "dependency_injector-4.43.0-cp39-cp39-win32.whl", hash = "sha256:6ad97e9366fc1451ff79de12ec0294a7c81ccb74b0da7b594b6cf8e8a7b9c0bb"},
    {file = "dependency_injector-4.43.0-cp39-cp39-win_amd64.whl", hash = "sha256:4f074aae7be8461ba4faff3be431e4d8dfe596e5fca884642e6e10f1fb585471"},
    {file = "dependency_injector-4.43.0-pp310-pypy310_pp73-macosx_11_0_arm64.whl", hash = "sha256:0647cda56ff7ab2bbf2bf051800edeb6b5bab4c134df04e59ba231cf1c95ce1e"},
    {file = "dependency_injector-4.43.0-pp310-pypy310_pp73-manylinux_2_17_aarch64.manylinux2014_aarch64.whl", hash = "sha256:c8acd5819c86424c674f7d30a2521f7883e35241afe4b3b569d481a36bc0bae3"},
    {file = "dependency_injector-4.43.0-pp310-pypy310_pp73-manylinux_2_5_i686.manylinux1_i686.manylinux_2_17_i686.manylinux2014_i686.whl", hash = "sha256:fec243d4d5fcdb423c543139d93eeaa76526e35f0faa8555eb03fb45fafab605"},
    {file = "dependency_injector-4.43.0-pp310-pypy310_pp73-manylinux_2_5_x86_64.manylinux1_x86_64.manylinux_2_17_x86_64.manylinux2014_x86_64.whl", hash = "sha256:deee43b5aaa62355f3bed9c4a8129676ef68001f48f8244fa1aa6f39d0921ba8"},
    {file = "dependency_injector-4.43.0-pp310-pypy310_pp73-win_amd64.whl", hash = "sha256:ece96fb2f0f33abdc80afe28f66dbce51372809cf39b58ebe6baea24f3f2e88f"},
    {file = "dependency_injector-4.43.0-pp37-pypy37_pp73-manylinux_2_17_aarch64.manylinux2014_aarch64.whl", hash = "sha256:e2caef27963266c85f6c12df57eabe06e04c38f349f2f2d423d765104164e189"},
    {file = "dependency_injector-4.43.0-pp37-pypy37_pp73-manylinux_2_5_i686.manylinux1_i686.manylinux_2_17_i686.manylinux2014_i686.whl", hash = "sha256:67b984a51a9635b57d4018d10d32bdb189c6f70d0a93739e0505b86634fa0bd2"},
    {file = "dependency_injector-4.43.0-pp37-pypy37_pp73-manylinux_2_5_x86_64.manylinux1_x86_64.manylinux_2_17_x86_64.manylinux2014_x86_64.whl", hash = "sha256:4cf4972a7fa40cb18f8efd0924c8d2999fffafd9817aa81858f2b7869d53c855"},
    {file = "dependency_injector-4.43.0-pp37-pypy37_pp73-win_amd64.whl", hash = "sha256:f399de5683a5fa6cd0a4a952e3b5466e56e9516cd0f69cc502b67fb7f8288f8b"},
    {file = "dependency_injector-4.43.0-pp38-pypy38_pp73-macosx_11_0_arm64.whl", hash = "sha256:6aa12b0af78d9d8486bbed435d88cde8190074c3c268a6f9c7d41d10d6a232ab"},
    {file = "dependency_injector-4.43.0-pp38-pypy38_pp73-manylinux_2_17_aarch64.manylinux2014_aarch64.whl", hash = "sha256:3003592fd1b9fbaa585ebec41ffba5d6b6afbf6cb90c144a03a3269ae0100b48"},
    {file = "dependency_injector-4.43.0-pp38-pypy38_pp73-manylinux_2_5_i686.manylinux1_i686.manylinux_2_17_i686.manylinux2014_i686.whl", hash = "sha256:7b30d4a3d544087aca03045af1bf92bad37588831bc361901104394e47b5eeb2"},
    {file = "dependency_injector-4.43.0-pp38-pypy38_pp73-manylinux_2_5_x86_64.manylinux1_x86_64.manylinux_2_17_x86_64.manylinux2014_x86_64.whl", hash = "sha256:199791d9bb3b187eb05c41a9ca9fc87fc2bcbb78a0fcc3b38b60baf7be1880eb"},
    {file = "dependency_injector-4.43.0-pp38-pypy38_pp73-win_amd64.whl", hash = "sha256:4fcad4d27a8da1e8f2b8a941bde064b516a80c7bdf75ad51293c3876b7c75cb8"},
    {file = "dependency_injector-4.43.0-pp39-pypy39_pp73-macosx_11_0_arm64.whl", hash = "sha256:6e9e02eb20a58f958e2ac1a9c3fc7506c4365409b56729f20fd481db94b44173"},
    {file = "dependency_injector-4.43.0-pp39-pypy39_pp73-manylinux_2_17_aarch64.manylinux2014_aarch64.whl", hash = "sha256:10a9c66bd93aca63de45403cbcca4061b07e75f702ca203bbd121938d3b3ed0e"},
    {file = "dependency_injector-4.43.0-pp39-pypy39_pp73-manylinux_2_5_i686.manylinux1_i686.manylinux_2_17_i686.manylinux2014_i686.whl", hash = "sha256:b44e524c7add4b897aac62c7b964307b0604dc8dabeea35bb06c28d65ddb6bc6"},
    {file = "dependency_injector-4.43.0-pp39-pypy39_pp73-manylinux_2_5_x86_64.manylinux1_x86_64.manylinux_2_17_x86_64.manylinux2014_x86_64.whl", hash = "sha256:ab7664f88262a3ee2aae07c84fcff0a08f0020141e2b3a8e3065b8dbf5fb13e6"},
    {file = "dependency_injector-4.43.0-pp39-pypy39_pp73-win_amd64.whl", hash = "sha256:862f24685eeada264632e333ec5f49affdb1b4aac6a52785b6b7b88e72d0be5d"},
    {file = "dependency_injector-4.43.0.tar.gz", hash = "sha256:d0774234cc4d5c860fa971912182131b45f41ebabd9e3fc2ce80f4b1d05de057"},
]

[package.dependencies]
six = ">=1.7.0,<=1.16.0"

[package.extras]
aiohttp = ["aiohttp"]
flask = ["flask"]
pydantic = ["pydantic"]
yaml = ["pyyaml"]

[[package]]
name = "loguru"
version = "0.7.2"
description = "Python logging made (stupidly) simple"
optional = false
python-versions = ">=3.5"
files = [
    {file = "loguru-0.7.2-py3-none-any.whl", hash = "sha256:003d71e3d3ed35f0f8984898359d65b79e5b21943f78af86aa5491210429b8eb"},
    {file = "loguru-0.7.2.tar.gz", hash = "sha256:e671a53522515f34fd406340ee968cb9ecafbc4b36c679da03c18fd8d0bd51ac"},
]

[package.dependencies]
colorama = {version = ">=0.3.4", markers = "sys_platform == \"win32\""}
win32-setctime = {version = ">=1.0.0", markers = "sys_platform == \"win32\""}

[package.extras]
dev = ["Sphinx (==7.2.5)", "colorama (==0.4.5)", "colorama (==0.4.6)", "exceptiongroup (==1.1.3)", "freezegun (==1.1.0)", "freezegun (==1.2.2)", "mypy (==v0.910)", "mypy (==v0.971)", "mypy (==v1.4.1)", "mypy (==v1.5.1)", "pre-commit (==3.4.0)", "pytest (==6.1.2)", "pytest (==7.4.0)", "pytest-cov (==2.12.1)", "pytest-cov (==4.1.0)", "pytest-mypy-plugins (==1.9.3)", "pytest-mypy-plugins (==3.0.0)", "sphinx-autobuild (==2021.3.14)", "sphinx-rtd-theme (==1.3.0)", "tox (==3.27.1)", "tox (==4.11.0)"]

[[package]]
name = "packaging"
version = "24.1"
description = "Core utilities for Python packages"
optional = false
python-versions = ">=3.8"
files = [
    {file = "packaging-24.1-py3-none-any.whl", hash = "sha256:5b8f2217dbdbd2f7f384c41c628544e6d52f2d0f53c6d0c3ea61aa5d1d7ff124"},
    {file = "packaging-24.1.tar.gz", hash = "sha256:026ed72c8ed3fcce5bf8950572258698927fd1dbda10a5e981cdf0ac37f4f002"},
]

[[package]]
name = "python-dotenv"
version = "1.0.1"
description = "Read key-value pairs from a .env file and set them as environment variables"
optional = false
python-versions = ">=3.8"
files = [
    {file = "python-dotenv-1.0.1.tar.gz", hash = "sha256:e324ee90a023d808f1959c46bcbc04446a10ced277783dc6ee09987c37ec10ca"},
    {file = "python_dotenv-1.0.1-py3-none-any.whl", hash = "sha256:f7b63ef50f1b690dddf550d03497b66d609393b40b564ed0d674909a68ebf16a"},
]

[package.extras]
cli = ["click (>=5.0)"]

[[package]]
name = "six"
version = "1.16.0"
description = "Python 2 and 3 compatibility utilities"
optional = false
python-versions = ">=2.7, !=3.0.*, !=3.1.*, !=3.2.*"
files = [
    {file = "six-1.16.0-py2.py3-none-any.whl", hash = "sha256:8abb2f1d86890a2dfb989f9a77cfcfd3e47c2a354b01111771326f8aa26e0254"},
    {file = "six-1.16.0.tar.gz", hash = "sha256:1e61c37477a1626458e36f7b1d82aa5c9b094fa4802892072e49de9c60c4c926"},
]

[[package]]
name = "typing-extensions"
version = "4.12.2"
description = "Backported and Experimental Type Hints for Python 3.8+"
optional = false
python-versions = ">=3.8"
files = [
    {file = "typing_extensions-4.12.2-py3-none-any.whl", hash = "sha256:04e5ca0351e0f3f85c6853954072df659d0d13fac324d0072316b67d7794700d"},
    {file = "typing_extensions-4.12.2.tar.gz", hash = "sha256:1a7ead55c7e559dd4dee8856e3a88b41225abfe1ce8df57b7c13915fe121ffb8"},
]

[[package]]
name = "win32-setctime"
version = "1.1.0"
description = "A small Python utility to set file creation time on Windows"
optional = false
python-versions = ">=3.5"
files = [
    {file = "win32_setctime-1.1.0-py3-none-any.whl", hash = "sha256:231db239e959c2fe7eb1d7dc129f11172354f98361c4fa2d6d2d7e278baa8aad"},
    {file = "win32_setctime-1.1.0.tar.gz", hash = "sha256:15cf5750465118d6929ae4de4eb46e8edae9a5634350c01ba582df868e932cb2"},
]

[package.extras]
dev = ["black (>=19.3b0)", "pytest (>=4.6.2)"]

[metadata]
lock-version = "2.0"
python-versions = "^3.11"
content-hash = "9c7e029bfee3103028a26924e0dce7af477f172d0b756d74b3b8d066ae0b783e"
